
Microsoft Visual Studio Solution File, Format Version 12.00
# Visual Studio Version 17
VisualStudioVersion = 17.1.32414.318
MinimumVisualStudioVersion = 10.0.40219.1
Project("{9A19103F-16F7-4668-BE54-9A1E7A4F7556}") = "Shop.UI", "Shop.UI.csproj", "{D2A1EB19-BBF3-49D4-BBBE-D12F387F7008}"
EndProject
Project("{9A19103F-16F7-4668-BE54-9A1E7A4F7556}") = "Shop.API", "..\LetItBuy_API\Shop.API.csproj", "{C6DA744A-057D-4AFA-A079-E35DB18F914D}"
EndProject
Project("{9A19103F-16F7-4668-BE54-9A1E7A4F7556}") = "Shop.BLL", "..\Shop.BLL\Shop.BLL.csproj", "{56506F6F-ABF3-4F4C-84D3-A007FFA29A8B}"
EndProject
Project("{9A19103F-16F7-4668-BE54-9A1E7A4F7556}") = "Shop.DAL", "..\Shop.DAL\Shop.DAL.csproj", "{9B9A08BF-F006-40BF-8436-B31FE5215B15}"
EndProject
Project("{2150E333-8FDC-42A3-9474-1A3956D46DE8}") = "src", "src", "{5A59BC17-7F56-4C3E-95E9-03C970C58DA9}"
EndProject
Project("{2150E333-8FDC-42A3-9474-1A3956D46DE8}") = "Domain", "Domain", "{5312F31D-FC09-4371-9DA4-66019924815A}"
EndProject
Project("{2150E333-8FDC-42A3-9474-1A3956D46DE8}") = "Application", "Application", "{20CC60C5-A4E9-4646-A640-A1A47647EA51}"
EndProject
Project("{2150E333-8FDC-42A3-9474-1A3956D46DE8}") = "Infrastructure", "Infrastructure", "{C67873D1-6703-4646-B66D-D0B4275E4DD4}"
EndProject
Project("{2150E333-8FDC-42A3-9474-1A3956D46DE8}") = "Web", "Web", "{79817593-ADF3-47F0-BE02-C7611D2EBEA8}"
EndProject
Project("{FAE04EC0-301F-11D3-BF4B-00C04F79EFBC}") = "Application", "..\src\Application\Application.csproj", "{92645C9F-F76C-4E54-AC8F-6B6B2BDFBB6F}"
EndProject
Project("{FAE04EC0-301F-11D3-BF4B-00C04F79EFBC}") = "Infrastructure", "..\Infrastructure\Infrastructure.csproj", "{B3D00A78-658B-4F5E-B099-72B6EBA8D6B0}"
EndProject
Project("{FAE04EC0-301F-11D3-BF4B-00C04F79EFBC}") = "Domain", "..\src\Domain\Domain.csproj", "{7A5001F9-654E-4B44-8E71-C5F9AF1804E8}"
EndProject
Global
	GlobalSection(SolutionConfigurationPlatforms) = preSolution
		Debug|Any CPU = Debug|Any CPU
		Release|Any CPU = Release|Any CPU
	EndGlobalSection
	GlobalSection(ProjectConfigurationPlatforms) = postSolution
		{D2A1EB19-BBF3-49D4-BBBE-D12F387F7008}.Debug|Any CPU.ActiveCfg = Debug|Any CPU
		{D2A1EB19-BBF3-49D4-BBBE-D12F387F7008}.Debug|Any CPU.Build.0 = Debug|Any CPU
		{D2A1EB19-BBF3-49D4-BBBE-D12F387F7008}.Release|Any CPU.ActiveCfg = Release|Any CPU
		{D2A1EB19-BBF3-49D4-BBBE-D12F387F7008}.Release|Any CPU.Build.0 = Release|Any CPU
		{C6DA744A-057D-4AFA-A079-E35DB18F914D}.Debug|Any CPU.ActiveCfg = Debug|Any CPU
		{C6DA744A-057D-4AFA-A079-E35DB18F914D}.Debug|Any CPU.Build.0 = Debug|Any CPU
		{C6DA744A-057D-4AFA-A079-E35DB18F914D}.Release|Any CPU.ActiveCfg = Release|Any CPU
		{C6DA744A-057D-4AFA-A079-E35DB18F914D}.Release|Any CPU.Build.0 = Release|Any CPU
		{56506F6F-ABF3-4F4C-84D3-A007FFA29A8B}.Debug|Any CPU.ActiveCfg = Debug|Any CPU
		{56506F6F-ABF3-4F4C-84D3-A007FFA29A8B}.Debug|Any CPU.Build.0 = Debug|Any CPU
		{56506F6F-ABF3-4F4C-84D3-A007FFA29A8B}.Release|Any CPU.ActiveCfg = Release|Any CPU
		{56506F6F-ABF3-4F4C-84D3-A007FFA29A8B}.Release|Any CPU.Build.0 = Release|Any CPU
		{9B9A08BF-F006-40BF-8436-B31FE5215B15}.Debug|Any CPU.ActiveCfg = Debug|Any CPU
		{9B9A08BF-F006-40BF-8436-B31FE5215B15}.Debug|Any CPU.Build.0 = Debug|Any CPU
		{9B9A08BF-F006-40BF-8436-B31FE5215B15}.Release|Any CPU.ActiveCfg = Release|Any CPU
		{9B9A08BF-F006-40BF-8436-B31FE5215B15}.Release|Any CPU.Build.0 = Release|Any CPU
		{92645C9F-F76C-4E54-AC8F-6B6B2BDFBB6F}.Debug|Any CPU.ActiveCfg = Debug|Any CPU
		{92645C9F-F76C-4E54-AC8F-6B6B2BDFBB6F}.Debug|Any CPU.Build.0 = Debug|Any CPU
		{92645C9F-F76C-4E54-AC8F-6B6B2BDFBB6F}.Release|Any CPU.ActiveCfg = Release|Any CPU
		{92645C9F-F76C-4E54-AC8F-6B6B2BDFBB6F}.Release|Any CPU.Build.0 = Release|Any CPU
		{B3D00A78-658B-4F5E-B099-72B6EBA8D6B0}.Debug|Any CPU.ActiveCfg = Debug|Any CPU
		{B3D00A78-658B-4F5E-B099-72B6EBA8D6B0}.Debug|Any CPU.Build.0 = Debug|Any CPU
		{B3D00A78-658B-4F5E-B099-72B6EBA8D6B0}.Release|Any CPU.ActiveCfg = Release|Any CPU
		{B3D00A78-658B-4F5E-B099-72B6EBA8D6B0}.Release|Any CPU.Build.0 = Release|Any CPU
		{7A5001F9-654E-4B44-8E71-C5F9AF1804E8}.Debug|Any CPU.ActiveCfg = Debug|Any CPU
		{7A5001F9-654E-4B44-8E71-C5F9AF1804E8}.Debug|Any CPU.Build.0 = Debug|Any CPU
		{7A5001F9-654E-4B44-8E71-C5F9AF1804E8}.Release|Any CPU.ActiveCfg = Release|Any CPU
		{7A5001F9-654E-4B44-8E71-C5F9AF1804E8}.Release|Any CPU.Build.0 = Release|Any CPU
	EndGlobalSection
	GlobalSection(SolutionProperties) = preSolution
		HideSolutionNode = FALSE
	EndGlobalSection
	GlobalSection(NestedProjects) = preSolution
		{5312F31D-FC09-4371-9DA4-66019924815A} = {5A59BC17-7F56-4C3E-95E9-03C970C58DA9}
		{20CC60C5-A4E9-4646-A640-A1A47647EA51} = {5A59BC17-7F56-4C3E-95E9-03C970C58DA9}
		{C67873D1-6703-4646-B66D-D0B4275E4DD4} = {5A59BC17-7F56-4C3E-95E9-03C970C58DA9}
		{79817593-ADF3-47F0-BE02-C7611D2EBEA8} = {5A59BC17-7F56-4C3E-95E9-03C970C58DA9}
		{92645C9F-F76C-4E54-AC8F-6B6B2BDFBB6F} = {20CC60C5-A4E9-4646-A640-A1A47647EA51}
		{B3D00A78-658B-4F5E-B099-72B6EBA8D6B0} = {C67873D1-6703-4646-B66D-D0B4275E4DD4}
		{7A5001F9-654E-4B44-8E71-C5F9AF1804E8} = {5312F31D-FC09-4371-9DA4-66019924815A}
	EndGlobalSection
	GlobalSection(ExtensibilityGlobals) = postSolution
		SolutionGuid = {D5D3CED7-C6E5-4BBF-BA68-D53F2BC832B5}
	EndGlobalSection
EndGlobal
